// !$*UTF8*$!
{
	archiveVersion = 1;
	classes = {
	};
	objectVersion = 56;
	objects = {

/* Begin PBXBuildFile section */
		614FB5F42AF01E5800E9F82B /* LandmarkList.swift in Sources */ = {isa = PBXBuildFile; fileRef = 614FB5F32AF01E5800E9F82B /* LandmarkList.swift */; };
		614FB5F62AF01F8500E9F82B /* LandmarkDetail.swift in Sources */ = {isa = PBXBuildFile; fileRef = 614FB5F52AF01F8500E9F82B /* LandmarkDetail.swift */; };
		617FA88C2AF04BA600135CF0 /* FavoriteButton.swift in Sources */ = {isa = PBXBuildFile; fileRef = 617FA88B2AF04BA600135CF0 /* FavoriteButton.swift */; };
		618823162AF58F5400B51B1C /* GraphCapsule.swift in Sources */ = {isa = PBXBuildFile; fileRef = 618823122AF58F5400B51B1C /* GraphCapsule.swift */; };
		618823172AF58F5400B51B1C /* HikeGraph.swift in Sources */ = {isa = PBXBuildFile; fileRef = 618823132AF58F5400B51B1C /* HikeGraph.swift */; };
		618823182AF58F5400B51B1C /* HikeDetail.swift in Sources */ = {isa = PBXBuildFile; fileRef = 618823142AF58F5400B51B1C /* HikeDetail.swift */; };
		618823192AF58F5400B51B1C /* HikeView.swift in Sources */ = {isa = PBXBuildFile; fileRef = 618823152AF58F5400B51B1C /* HikeView.swift */; };
		61D1AFD72AF0105C006113A4 /* LandmarksApp.swift in Sources */ = {isa = PBXBuildFile; fileRef = 61D1AFD62AF0105C006113A4 /* LandmarksApp.swift */; };
		61D1AFD92AF0105C006113A4 /* ContentView.swift in Sources */ = {isa = PBXBuildFile; fileRef = 61D1AFD82AF0105C006113A4 /* ContentView.swift */; };
		61D1AFDB2AF0105D006113A4 /* Assets.xcassets in Resources */ = {isa = PBXBuildFile; fileRef = 61D1AFDA2AF0105D006113A4 /* Assets.xcassets */; };
		61D1AFDE2AF0105D006113A4 /* Preview Assets.xcassets in Resources */ = {isa = PBXBuildFile; fileRef = 61D1AFDD2AF0105D006113A4 /* Preview Assets.xcassets */; };
		61D1AFE52AF01487006113A4 /* CircleImage.swift in Sources */ = {isa = PBXBuildFile; fileRef = 61D1AFE42AF01486006113A4 /* CircleImage.swift */; };
		61D1AFE72AF0159A006113A4 /* MapView.swift in Sources */ = {isa = PBXBuildFile; fileRef = 61D1AFE62AF0159A006113A4 /* MapView.swift */; };
		61D1AFE92AF01942006113A4 /* landmarkData.json in Resources */ = {isa = PBXBuildFile; fileRef = 61D1AFE82AF01942006113A4 /* landmarkData.json */; };
		61D1AFEB2AF01962006113A4 /* Landmark.swift in Sources */ = {isa = PBXBuildFile; fileRef = 61D1AFEA2AF01962006113A4 /* Landmark.swift */; };
		61D1AFED2AF01AED006113A4 /* ModelData.swift in Sources */ = {isa = PBXBuildFile; fileRef = 61D1AFEC2AF01AED006113A4 /* ModelData.swift */; };
		61D1AFF22AF01C0B006113A4 /* LandmarkRow.swift in Sources */ = {isa = PBXBuildFile; fileRef = 61D1AFF12AF01C0B006113A4 /* LandmarkRow.swift */; };
		61F3D16B2AF16C5400FB5556 /* HexagonParameters.swift in Sources */ = {isa = PBXBuildFile; fileRef = 61F3D16A2AF16C5400FB5556 /* HexagonParameters.swift */; };
		61F3D16D2AF16D2F00FB5556 /* BadgeBackground.swift in Sources */ = {isa = PBXBuildFile; fileRef = 61F3D16C2AF16D2F00FB5556 /* BadgeBackground.swift */; };
		61F3D16F2AF1709800FB5556 /* BadgeSymbol.swift in Sources */ = {isa = PBXBuildFile; fileRef = 61F3D16E2AF1709800FB5556 /* BadgeSymbol.swift */; };
		61F3D1712AF1725B00FB5556 /* RotatedBadgeSymbol.swift in Sources */ = {isa = PBXBuildFile; fileRef = 61F3D1702AF1725B00FB5556 /* RotatedBadgeSymbol.swift */; };
		61F3D1732AF1729200FB5556 /* Badge.swift in Sources */ = {isa = PBXBuildFile; fileRef = 61F3D1722AF1729200FB5556 /* Badge.swift */; };
		61F3D1762AF1787E00FB5556 /* hikeData.json in Resources */ = {isa = PBXBuildFile; fileRef = 61F3D1752AF1787E00FB5556 /* hikeData.json */; };
		61F3D1782AF1789700FB5556 /* Hike.swift in Sources */ = {isa = PBXBuildFile; fileRef = 61F3D1772AF1789700FB5556 /* Hike.swift */; };
/* End PBXBuildFile section */

/* Begin PBXFileReference section */
		614FB5F32AF01E5800E9F82B /* LandmarkList.swift */ = {isa = PBXFileReference; lastKnownFileType = sourcecode.swift; path = LandmarkList.swift; sourceTree = "<group>"; };
		614FB5F52AF01F8500E9F82B /* LandmarkDetail.swift */ = {isa = PBXFileReference; lastKnownFileType = sourcecode.swift; path = LandmarkDetail.swift; sourceTree = "<group>"; };
		617FA88B2AF04BA600135CF0 /* FavoriteButton.swift */ = {isa = PBXFileReference; lastKnownFileType = sourcecode.swift; path = FavoriteButton.swift; sourceTree = "<group>"; };
		618823122AF58F5400B51B1C /* GraphCapsule.swift */ = {isa = PBXFileReference; fileEncoding = 4; lastKnownFileType = sourcecode.swift; path = GraphCapsule.swift; sourceTree = "<group>"; };
		618823132AF58F5400B51B1C /* HikeGraph.swift */ = {isa = PBXFileReference; fileEncoding = 4; lastKnownFileType = sourcecode.swift; path = HikeGraph.swift; sourceTree = "<group>"; };
		618823142AF58F5400B51B1C /* HikeDetail.swift */ = {isa = PBXFileReference; fileEncoding = 4; lastKnownFileType = sourcecode.swift; path = HikeDetail.swift; sourceTree = "<group>"; };
		618823152AF58F5400B51B1C /* HikeView.swift */ = {isa = PBXFileReference; fileEncoding = 4; lastKnownFileType = sourcecode.swift; path = HikeView.swift; sourceTree = "<group>"; };
		61D1AFD32AF0105C006113A4 /* Landmarks.app */ = {isa = PBXFileReference; explicitFileType = wrapper.application; includeInIndex = 0; path = Landmarks.app; sourceTree = BUILT_PRODUCTS_DIR; };
		61D1AFD62AF0105C006113A4 /* LandmarksApp.swift */ = {isa = PBXFileReference; lastKnownFileType = sourcecode.swift; path = LandmarksApp.swift; sourceTree = "<group>"; };
		61D1AFD82AF0105C006113A4 /* ContentView.swift */ = {isa = PBXFileReference; lastKnownFileType = sourcecode.swift; path = ContentView.swift; sourceTree = "<group>"; };
		61D1AFDA2AF0105D006113A4 /* Assets.xcassets */ = {isa = PBXFileReference; lastKnownFileType = folder.assetcatalog; path = Assets.xcassets; sourceTree = "<group>"; };
		61D1AFDD2AF0105D006113A4 /* Preview Assets.xcassets */ = {isa = PBXFileReference; lastKnownFileType = folder.assetcatalog; path = "Preview Assets.xcassets"; sourceTree = "<group>"; };
		61D1AFE42AF01486006113A4 /* CircleImage.swift */ = {isa = PBXFileReference; lastKnownFileType = sourcecode.swift; path = CircleImage.swift; sourceTree = "<group>"; };
		61D1AFE62AF0159A006113A4 /* MapView.swift */ = {isa = PBXFileReference; lastKnownFileType = sourcecode.swift; path = MapView.swift; sourceTree = "<group>"; };
		61D1AFE82AF01942006113A4 /* landmarkData.json */ = {isa = PBXFileReference; fileEncoding = 4; lastKnownFileType = text.json; path = landmarkData.json; sourceTree = "<group>"; };
		61D1AFEA2AF01962006113A4 /* Landmark.swift */ = {isa = PBXFileReference; lastKnownFileType = sourcecode.swift; path = Landmark.swift; sourceTree = "<group>"; };
		61D1AFEC2AF01AED006113A4 /* ModelData.swift */ = {isa = PBXFileReference; lastKnownFileType = sourcecode.swift; path = ModelData.swift; sourceTree = "<group>"; };
		61D1AFF12AF01C0B006113A4 /* LandmarkRow.swift */ = {isa = PBXFileReference; lastKnownFileType = sourcecode.swift; path = LandmarkRow.swift; sourceTree = "<group>"; };
		61F3D16A2AF16C5400FB5556 /* HexagonParameters.swift */ = {isa = PBXFileReference; lastKnownFileType = sourcecode.swift; path = HexagonParameters.swift; sourceTree = "<group>"; };
		61F3D16C2AF16D2F00FB5556 /* BadgeBackground.swift */ = {isa = PBXFileReference; lastKnownFileType = sourcecode.swift; path = BadgeBackground.swift; sourceTree = "<group>"; };
		61F3D16E2AF1709800FB5556 /* BadgeSymbol.swift */ = {isa = PBXFileReference; lastKnownFileType = sourcecode.swift; path = BadgeSymbol.swift; sourceTree = "<group>"; };
		61F3D1702AF1725B00FB5556 /* RotatedBadgeSymbol.swift */ = {isa = PBXFileReference; lastKnownFileType = sourcecode.swift; path = RotatedBadgeSymbol.swift; sourceTree = "<group>"; };
		61F3D1722AF1729200FB5556 /* Badge.swift */ = {isa = PBXFileReference; lastKnownFileType = sourcecode.swift; path = Badge.swift; sourceTree = "<group>"; };
		61F3D1752AF1787E00FB5556 /* hikeData.json */ = {isa = PBXFileReference; fileEncoding = 4; lastKnownFileType = text.json; path = hikeData.json; sourceTree = "<group>"; };
		61F3D1772AF1789700FB5556 /* Hike.swift */ = {isa = PBXFileReference; lastKnownFileType = sourcecode.swift; path = Hike.swift; sourceTree = "<group>"; };
/* End PBXFileReference section */

/* Begin PBXFrameworksBuildPhase section */
		61D1AFD02AF0105C006113A4 /* Frameworks */ = {
			isa = PBXFrameworksBuildPhase;
			buildActionMask = 2147483647;
			files = (
			);
			runOnlyForDeploymentPostprocessing = 0;
		};
/* End PBXFrameworksBuildPhase section */

/* Begin PBXGroup section */
		617FA88D2AF04CCB00135CF0 /* Landmarks */ = {
			isa = PBXGroup;
			children = (
				614FB5F32AF01E5800E9F82B /* LandmarkList.swift */,
				61D1AFF12AF01C0B006113A4 /* LandmarkRow.swift */,
				614FB5F52AF01F8500E9F82B /* LandmarkDetail.swift */,
			);
			path = Landmarks;
			sourceTree = "<group>";
		};
		617FA88E2AF04CD400135CF0 /* Helper */ = {
			isa = PBXGroup;
			children = (
				61D1AFE62AF0159A006113A4 /* MapView.swift */,
				61D1AFE42AF01486006113A4 /* CircleImage.swift */,
				617FA88B2AF04BA600135CF0 /* FavoriteButton.swift */,
			);
			path = Helper;
			sourceTree = "<group>";
		};
		618823112AF58F5400B51B1C /* Hikes */ = {
			isa = PBXGroup;
			children = (
				618823122AF58F5400B51B1C /* GraphCapsule.swift */,
				618823132AF58F5400B51B1C /* HikeGraph.swift */,
				618823142AF58F5400B51B1C /* HikeDetail.swift */,
				618823152AF58F5400B51B1C /* HikeView.swift */,
			);
			path = Hikes;
			sourceTree = "<group>";
		};
		61D1AFCA2AF0105C006113A4 = {
			isa = PBXGroup;
			children = (
				61D1AFD52AF0105C006113A4 /* Landmarks */,
				61D1AFD42AF0105C006113A4 /* Products */,
			);
			sourceTree = "<group>";
		};
		61D1AFD42AF0105C006113A4 /* Products */ = {
			isa = PBXGroup;
			children = (
				61D1AFD32AF0105C006113A4 /* Landmarks.app */,
			);
			name = Products;
			sourceTree = "<group>";
		};
		61D1AFD52AF0105C006113A4 /* Landmarks */ = {
			isa = PBXGroup;
			children = (
				61D1AFD62AF0105C006113A4 /* LandmarksApp.swift */,
				61D1AFEE2AF01B78006113A4 /* Views */,
				61D1AFEF2AF01B81006113A4 /* Model */,
				61D1AFF02AF01B8B006113A4 /* Resources */,
				61D1AFDA2AF0105D006113A4 /* Assets.xcassets */,
				61D1AFDC2AF0105D006113A4 /* Preview Content */,
			);
			path = Landmarks;
			sourceTree = "<group>";
		};
		61D1AFDC2AF0105D006113A4 /* Preview Content */ = {
			isa = PBXGroup;
			children = (
				61D1AFDD2AF0105D006113A4 /* Preview Assets.xcassets */,
			);
			path = "Preview Content";
			sourceTree = "<group>";
		};
		61D1AFEE2AF01B78006113A4 /* Views */ = {
			isa = PBXGroup;
			children = (
				61D1AFD82AF0105C006113A4 /* ContentView.swift */,
				618823112AF58F5400B51B1C /* Hikes */,
				617FA88D2AF04CCB00135CF0 /* Landmarks */,
				617FA88E2AF04CD400135CF0 /* Helper */,
				61F3D1742AF1730300FB5556 /* Badge */,
			);
			path = Views;
			sourceTree = "<group>";
		};
		61D1AFEF2AF01B81006113A4 /* Model */ = {
			isa = PBXGroup;
			children = (
				61D1AFEA2AF01962006113A4 /* Landmark.swift */,
				61F3D1772AF1789700FB5556 /* Hike.swift */,
				61D1AFEC2AF01AED006113A4 /* ModelData.swift */,
			);
			path = Model;
			sourceTree = "<group>";
		};
		61D1AFF02AF01B8B006113A4 /* Resources */ = {
			isa = PBXGroup;
			children = (
				61F3D1752AF1787E00FB5556 /* hikeData.json */,
				61D1AFE82AF01942006113A4 /* landmarkData.json */,
			);
			path = Resources;
			sourceTree = "<group>";
		};
		61F3D1742AF1730300FB5556 /* Badge */ = {
			isa = PBXGroup;
			children = (
				61F3D16A2AF16C5400FB5556 /* HexagonParameters.swift */,
				61F3D16C2AF16D2F00FB5556 /* BadgeBackground.swift */,
				61F3D16E2AF1709800FB5556 /* BadgeSymbol.swift */,
				61F3D1702AF1725B00FB5556 /* RotatedBadgeSymbol.swift */,
				61F3D1722AF1729200FB5556 /* Badge.swift */,
			);
			path = Badge;
			sourceTree = "<group>";
		};
/* End PBXGroup section */

/* Begin PBXNativeTarget section */
		61D1AFD22AF0105C006113A4 /* Landmarks */ = {
			isa = PBXNativeTarget;
			buildConfigurationList = 61D1AFE12AF0105D006113A4 /* Build configuration list for PBXNativeTarget "Landmarks" */;
			buildPhases = (
				61D1AFCF2AF0105C006113A4 /* Sources */,
				61D1AFD02AF0105C006113A4 /* Frameworks */,
				61D1AFD12AF0105C006113A4 /* Resources */,
			);
			buildRules = (
			);
			dependencies = (
			);
			name = Landmarks;
			productName = Landmarks;
			productReference = 61D1AFD32AF0105C006113A4 /* Landmarks.app */;
			productType = "com.apple.product-type.application";
		};
/* End PBXNativeTarget section */

/* Begin PBXProject section */
		61D1AFCB2AF0105C006113A4 /* Project object */ = {
			isa = PBXProject;
			attributes = {
				BuildIndependentTargetsInParallel = 1;
				LastSwiftUpdateCheck = 1500;
				LastUpgradeCheck = 1500;
				TargetAttributes = {
					61D1AFD22AF0105C006113A4 = {
						CreatedOnToolsVersion = 15.0.1;
					};
				};
			};
			buildConfigurationList = 61D1AFCE2AF0105C006113A4 /* Build configuration list for PBXProject "Landmarks" */;
			compatibilityVersion = "Xcode 14.0";
			developmentRegion = en;
			hasScannedForEncodings = 0;
			knownRegions = (
				en,
				Base,
			);
			mainGroup = 61D1AFCA2AF0105C006113A4;
			productRefGroup = 61D1AFD42AF0105C006113A4 /* Products */;
			projectDirPath = "";
			projectRoot = "";
			targets = (
				61D1AFD22AF0105C006113A4 /* Landmarks */,
			);
		};
/* End PBXProject section */

/* Begin PBXResourcesBuildPhase section */
		61D1AFD12AF0105C006113A4 /* Resources */ = {
			isa = PBXResourcesBuildPhase;
			buildActionMask = 2147483647;
			files = (
				61F3D1762AF1787E00FB5556 /* hikeData.json in Resources */,
				61D1AFDE2AF0105D006113A4 /* Preview Assets.xcassets in Resources */,
				61D1AFDB2AF0105D006113A4 /* Assets.xcassets in Resources */,
				61D1AFE92AF01942006113A4 /* landmarkData.json in Resources */,
			);
			runOnlyForDeploymentPostprocessing = 0;
		};
/* End PBXResourcesBuildPhase section */

/* Begin PBXSourcesBuildPhase section */
		61D1AFCF2AF0105C006113A4 /* Sources */ = {
			isa = PBXSourcesBuildPhase;
			buildActionMask = 2147483647;
			files = (
				61D1AFD92AF0105C006113A4 /* ContentView.swift in Sources */,
				618823172AF58F5400B51B1C /* HikeGraph.swift in Sources */,
				61F3D1732AF1729200FB5556 /* Badge.swift in Sources */,
				61D1AFE72AF0159A006113A4 /* MapView.swift in Sources */,
				618823162AF58F5400B51B1C /* GraphCapsule.swift in Sources */,
				61D1AFD72AF0105C006113A4 /* LandmarksApp.swift in Sources */,
				617FA88C2AF04BA600135CF0 /* FavoriteButton.swift in Sources */,
				618823182AF58F5400B51B1C /* HikeDetail.swift in Sources */,
				61F3D16B2AF16C5400FB5556 /* HexagonParameters.swift in Sources */,
				61F3D1782AF1789700FB5556 /* Hike.swift in Sources */,
				61F3D1712AF1725B00FB5556 /* RotatedBadgeSymbol.swift in Sources */,
				61F3D16F2AF1709800FB5556 /* BadgeSymbol.swift in Sources */,
				614FB5F42AF01E5800E9F82B /* LandmarkList.swift in Sources */,
				618823192AF58F5400B51B1C /* HikeView.swift in Sources */,
				614FB5F62AF01F8500E9F82B /* LandmarkDetail.swift in Sources */,
				61F3D16D2AF16D2F00FB5556 /* BadgeBackground.swift in Sources */,
				61D1AFE52AF01487006113A4 /* CircleImage.swift in Sources */,
				61D1AFEB2AF01962006113A4 /* Landmark.swift in Sources */,
				61D1AFF22AF01C0B006113A4 /* LandmarkRow.swift in Sources */,
				61D1AFED2AF01AED006113A4 /* ModelData.swift in Sources */,
			);
			runOnlyForDeploymentPostprocessing = 0;
		};
/* End PBXSourcesBuildPhase section */

/* Begin XCBuildConfiguration section */
		61D1AFDF2AF0105D006113A4 /* Debug */ = {
			isa = XCBuildConfiguration;
			buildSettings = {
				ALWAYS_SEARCH_USER_PATHS = NO;
				ASSETCATALOG_COMPILER_GENERATE_SWIFT_ASSET_SYMBOL_EXTENSIONS = YES;
				CLANG_ANALYZER_NONNULL = YES;
				CLANG_ANALYZER_NUMBER_OBJECT_CONVERSION = YES_AGGRESSIVE;
				CLANG_CXX_LANGUAGE_STANDARD = "gnu++20";
				CLANG_ENABLE_MODULES = YES;
				CLANG_ENABLE_OBJC_ARC = YES;
				CLANG_ENABLE_OBJC_WEAK = YES;
				CLANG_WARN_BLOCK_CAPTURE_AUTORELEASING = YES;
				CLANG_WARN_BOOL_CONVERSION = YES;
				CLANG_WARN_COMMA = YES;
				CLANG_WARN_CONSTANT_CONVERSION = YES;
				CLANG_WARN_DEPRECATED_OBJC_IMPLEMENTATIONS = YES;
				CLANG_WARN_DIRECT_OBJC_ISA_USAGE = YES_ERROR;
				CLANG_WARN_DOCUMENTATION_COMMENTS = YES;
				CLANG_WARN_EMPTY_BODY = YES;
				CLANG_WARN_ENUM_CONVERSION = YES;
				CLANG_WARN_INFINITE_RECURSION = YES;
				CLANG_WARN_INT_CONVERSION = YES;
				CLANG_WARN_NON_LITERAL_NULL_CONVERSION = YES;
				CLANG_WARN_OBJC_IMPLICIT_RETAIN_SELF = YES;
				CLANG_WARN_OBJC_LITERAL_CONVERSION = YES;
				CLANG_WARN_OBJC_ROOT_CLASS = YES_ERROR;
				CLANG_WARN_QUOTED_INCLUDE_IN_FRAMEWORK_HEADER = YES;
				CLANG_WARN_RANGE_LOOP_ANALYSIS = YES;
				CLANG_WARN_STRICT_PROTOTYPES = YES;
				CLANG_WARN_SUSPICIOUS_MOVE = YES;
				CLANG_WARN_UNGUARDED_AVAILABILITY = YES_AGGRESSIVE;
				CLANG_WARN_UNREACHABLE_CODE = YES;
				CLANG_WARN__DUPLICATE_METHOD_MATCH = YES;
				COPY_PHASE_STRIP = NO;
				DEBUG_INFORMATION_FORMAT = dwarf;
				ENABLE_STRICT_OBJC_MSGSEND = YES;
				ENABLE_TESTABILITY = YES;
				ENABLE_USER_SCRIPT_SANDBOXING = YES;
				GCC_C_LANGUAGE_STANDARD = gnu17;
				GCC_DYNAMIC_NO_PIC = NO;
				GCC_NO_COMMON_BLOCKS = YES;
				GCC_OPTIMIZATION_LEVEL = 0;
				GCC_PREPROCESSOR_DEFINITIONS = (
					"DEBUG=1",
					"$(inherited)",
				);
				GCC_WARN_64_TO_32_BIT_CONVERSION = YES;
				GCC_WARN_ABOUT_RETURN_TYPE = YES_ERROR;
				GCC_WARN_UNDECLARED_SELECTOR = YES;
				GCC_WARN_UNINITIALIZED_AUTOS = YES_AGGRESSIVE;
				GCC_WARN_UNUSED_FUNCTION = YES;
				GCC_WARN_UNUSED_VARIABLE = YES;
				IPHONEOS_DEPLOYMENT_TARGET = 17.0;
				LOCALIZATION_PREFERS_STRING_CATALOGS = YES;
				MTL_ENABLE_DEBUG_INFO = INCLUDE_SOURCE;
				MTL_FAST_MATH = YES;
				ONLY_ACTIVE_ARCH = YES;
				SDKROOT = iphoneos;
				SWIFT_ACTIVE_COMPILATION_CONDITIONS = "DEBUG $(inherited)";
				SWIFT_OPTIMIZATION_LEVEL = "-Onone";
			};
			name = Debug;
		};
		61D1AFE02AF0105D006113A4 /* Release */ = {
			isa = XCBuildConfiguration;
			buildSettings = {
				ALWAYS_SEARCH_USER_PATHS = NO;
				ASSETCATALOG_COMPILER_GENERATE_SWIFT_ASSET_SYMBOL_EXTENSIONS = YES;
				CLANG_ANALYZER_NONNULL = YES;
				CLANG_ANALYZER_NUMBER_OBJECT_CONVERSION = YES_AGGRESSIVE;
				CLANG_CXX_LANGUAGE_STANDARD = "gnu++20";
				CLANG_ENABLE_MODULES = YES;
				CLANG_ENABLE_OBJC_ARC = YES;
				CLANG_ENABLE_OBJC_WEAK = YES;
				CLANG_WARN_BLOCK_CAPTURE_AUTORELEASING = YES;
				CLANG_WARN_BOOL_CONVERSION = YES;
				CLANG_WARN_COMMA = YES;
				CLANG_WARN_CONSTANT_CONVERSION = YES;
				CLANG_WARN_DEPRECATED_OBJC_IMPLEMENTATIONS = YES;
				CLANG_WARN_DIRECT_OBJC_ISA_USAGE = YES_ERROR;
				CLANG_WARN_DOCUMENTATION_COMMENTS = YES;
				CLANG_WARN_EMPTY_BODY = YES;
				CLANG_WARN_ENUM_CONVERSION = YES;
				CLANG_WARN_INFINITE_RECURSION = YES;
				CLANG_WARN_INT_CONVERSION = YES;
				CLANG_WARN_NON_LITERAL_NULL_CONVERSION = YES;
				CLANG_WARN_OBJC_IMPLICIT_RETAIN_SELF = YES;
				CLANG_WARN_OBJC_LITERAL_CONVERSION = YES;
				CLANG_WARN_OBJC_ROOT_CLASS = YES_ERROR;
				CLANG_WARN_QUOTED_INCLUDE_IN_FRAMEWORK_HEADER = YES;
				CLANG_WARN_RANGE_LOOP_ANALYSIS = YES;
				CLANG_WARN_STRICT_PROTOTYPES = YES;
				CLANG_WARN_SUSPICIOUS_MOVE = YES;
				CLANG_WARN_UNGUARDED_AVAILABILITY = YES_AGGRESSIVE;
				CLANG_WARN_UNREACHABLE_CODE = YES;
				CLANG_WARN__DUPLICATE_METHOD_MATCH = YES;
				COPY_PHASE_STRIP = NO;
				DEBUG_INFORMATION_FORMAT = "dwarf-with-dsym";
				ENABLE_NS_ASSERTIONS = NO;
				ENABLE_STRICT_OBJC_MSGSEND = YES;
				ENABLE_USER_SCRIPT_SANDBOXING = YES;
				GCC_C_LANGUAGE_STANDARD = gnu17;
				GCC_NO_COMMON_BLOCKS = YES;
				GCC_WARN_64_TO_32_BIT_CONVERSION = YES;
				GCC_WARN_ABOUT_RETURN_TYPE = YES_ERROR;
				GCC_WARN_UNDECLARED_SELECTOR = YES;
				GCC_WARN_UNINITIALIZED_AUTOS = YES_AGGRESSIVE;
				GCC_WARN_UNUSED_FUNCTION = YES;
				GCC_WARN_UNUSED_VARIABLE = YES;
				IPHONEOS_DEPLOYMENT_TARGET = 17.0;
				LOCALIZATION_PREFERS_STRING_CATALOGS = YES;
				MTL_ENABLE_DEBUG_INFO = NO;
				MTL_FAST_MATH = YES;
				SDKROOT = iphoneos;
				SWIFT_COMPILATION_MODE = wholemodule;
				VALIDATE_PRODUCT = YES;
			};
			name = Release;
		};
		61D1AFE22AF0105D006113A4 /* Debug */ = {
			isa = XCBuildConfiguration;
			buildSettings = {
				ASSETCATALOG_COMPILER_APPICON_NAME = AppIcon;
				ASSETCATALOG_COMPILER_GLOBAL_ACCENT_COLOR_NAME = AccentColor;
				CODE_SIGN_STYLE = Automatic;
				CURRENT_PROJECT_VERSION = 1;
				DEVELOPMENT_ASSET_PATHS = "\"Landmarks/Preview Content\"";
				DEVELOPMENT_TEAM = M7F6DAA8WX;
				ENABLE_PREVIEWS = YES;
				GENERATE_INFOPLIST_FILE = YES;
				INFOPLIST_KEY_UIApplicationSceneManifest_Generation = YES;
				INFOPLIST_KEY_UIApplicationSupportsIndirectInputEvents = YES;
				INFOPLIST_KEY_UILaunchScreen_Generation = YES;
				INFOPLIST_KEY_UISupportedInterfaceOrientations_iPad = "UIInterfaceOrientationPortrait UIInterfaceOrientationPortraitUpsideDown UIInterfaceOrientationLandscapeLeft UIInterfaceOrientationLandscapeRight";
				INFOPLIST_KEY_UISupportedInterfaceOrientations_iPhone = "UIInterfaceOrientationPortrait UIInterfaceOrientationLandscapeLeft UIInterfaceOrientationLandscapeRight";
				LD_RUNPATH_SEARCH_PATHS = (
					"$(inherited)",
					"@executable_path/Frameworks",
				);
				MARKETING_VERSION = 1.0;
				PRODUCT_BUNDLE_IDENTIFIER = com.jawad.Landmarks;
				PRODUCT_NAME = "$(TARGET_NAME)";
				SWIFT_EMIT_LOC_STRINGS = YES;
				SWIFT_VERSION = 5.0;
				TARGETED_DEVICE_FAMILY = "1,2";
			};
			name = Debug;
		};
		61D1AFE32AF0105D006113A4 /* Release */ = {
			isa = XCBuildConfiguration;
			buildSettings = {
				ASSETCATALOG_COMPILER_APPICON_NAME = AppIcon;
				ASSETCATALOG_COMPILER_GLOBAL_ACCENT_COLOR_NAME = AccentColor;
				CODE_SIGN_STYLE = Automatic;
				CURRENT_PROJECT_VERSION = 1;
				DEVELOPMENT_ASSET_PATHS = "\"Landmarks/Preview Content\"";
				DEVELOPMENT_TEAM = M7F6DAA8WX;
				ENABLE_PREVIEWS = YES;
				GENERATE_INFOPLIST_FILE = YES;
				INFOPLIST_KEY_UIApplicationSceneManifest_Generation = YES;
				INFOPLIST_KEY_UIApplicationSupportsIndirectInputEvents = YES;
				INFOPLIST_KEY_UILaunchScreen_Generation = YES;
				INFOPLIST_KEY_UISupportedInterfaceOrientations_iPad = "UIInterfaceOrientationPortrait UIInterfaceOrientationPortraitUpsideDown UIInterfaceOrientationLandscapeLeft UIInterfaceOrientationLandscapeRight";
				INFOPLIST_KEY_UISupportedInterfaceOrientations_iPhone = "UIInterfaceOrientationPortrait UIInterfaceOrientationLandscapeLeft UIInterfaceOrientationLandscapeRight";
				LD_RUNPATH_SEARCH_PATHS = (
					"$(inherited)",
					"@executable_path/Frameworks",
				);
				MARKETING_VERSION = 1.0;
				PRODUCT_BUNDLE_IDENTIFIER = com.jawad.Landmarks;
				PRODUCT_NAME = "$(TARGET_NAME)";
				SWIFT_EMIT_LOC_STRINGS = YES;
				SWIFT_VERSION = 5.0;
				TARGETED_DEVICE_FAMILY = "1,2";
			};
			name = Release;
		};
/* End XCBuildConfiguration section */

/* Begin XCConfigurationList section */
		61D1AFCE2AF0105C006113A4 /* Build configuration list for PBXProject "Landmarks" */ = {
			isa = XCConfigurationList;
			buildConfigurations = (
				61D1AFDF2AF0105D006113A4 /* Debug */,
				61D1AFE02AF0105D006113A4 /* Release */,
			);
			defaultConfigurationIsVisible = 0;
			defaultConfigurationName = Release;
		};
		61D1AFE12AF0105D006113A4 /* Build configuration list for PBXNativeTarget "Landmarks" */ = {
			isa = XCConfigurationList;
			buildConfigurations = (
				61D1AFE22AF0105D006113A4 /* Debug */,
				61D1AFE32AF0105D006113A4 /* Release */,
			);
			defaultConfigurationIsVisible = 0;
			defaultConfigurationName = Release;
		};
/* End XCConfigurationList section */
	};
	rootObject = 61D1AFCB2AF0105C006113A4 /* Project object */;
}
